<Solution>
  <Folder Name="/Task1/">
    <Project Path="Tyuiu.WarkentinMA.Sprint1.Task1.V21.Lib/Tyuiu.WarkentinMA.Sprint1.Task1.V21.Lib.csproj" Id="a7f52a96-bc92-461e-84d8-bb6d126ff2fb" />
    <Project Path="Tyuiu.WarkentinMA.Sprint1.Task1.V21.Test/Tyuiu.WarkentinMA.Sprint1.Task1.V21.Test.csproj" Id="f19152c8-9248-44fc-aacd-ec15942800a9" />
    <Project Path="Tyuiu.WarkentinMA.Sprint1.Task1.V21/Tyuiu.WarkentinMA.Sprint1.Task1.V21.csproj" Id="6287b53d-4b6c-445c-96e1-5ad79b5812dc" />
  </Folder>
  <Folder Name="/Task2/">
    <Project Path="Tyuiu.WarkentinMA.Sprint1.Task2.V8.Lib/Tyuiu.WarkentinMA.Sprint1.Task2.V8.Lib.csproj" Id="fbf459b3-08ce-49f6-86ed-e140570d4a38" />
    <Project Path="Tyuiu.WarkentinMA.Sprint1.Task2.V8.Test/Tyuiu.WarkentinMA.Sprint1.Task2.V8.Test.csproj" Id="373ebe19-b747-4f57-8fbb-167b71970bae" />
    <Project Path="Tyuiu.WarkentinMA.Sprint1.Task2.V8/Tyuiu.WarkentinMA.Sprint1.Task2.V8.csproj" Id="dbbb49f6-6a24-43cf-9df8-fcb57006ad42" />
  </Folder>
  <Folder Name="/Task3/">
    <Project Path="Tyuiu.WarkentinMA.Sprint1.Task3.V6.Lib/Tyuiu.WarkentinMA.Sprint1.Task3.V6.Lib.csproj" Id="41de96bd-cbe1-4a8d-a725-066af40ebd35" />
    <Project Path="Tyuiu.WarkentinMA.Sprint1.Task3.V6.Test/Tyuiu.WarkentinMA.Sprint1.Task3.V6.Test.csproj" Id="4d59f408-77bb-4f50-bb17-5850c3fc10ce" />
    <Project Path="Tyuiu.WarkentinMA.Sprint1.Task3.V6/Tyuiu.WarkentinMA.Sprint1.Task3.V6.csproj" Id="e39b3d7f-3366-4ac4-b127-5eb10931f255" />
  </Folder>
  <Folder Name="/Task4/">
    <Project Path="Tyuiu.WarkentinMA.Sprint1.Task4.V19.Lib/Tyuiu.WarkentinMA.Sprint1.Task4.V19.Lib.csproj" Id="e525383f-7172-4f10-ac74-25f958b7426f" />
    <Project Path="Tyuiu.WarkentinMA.Sprint1.Task4.V19.Test/Tyuiu.WarkentinMA.Sprint1.Task4.V19.Test.csproj" Id="3e6cb3f2-8277-4084-82fb-bc79c5272b6e" />
    <Project Path="Tyuiu.WarkentinMA.Sprint1.Task4.V19/Tyuiu.WarkentinMA.Sprint1.Task4.V19.csproj" Id="cdd8454f-6396-4cb8-acf8-07aba1075d48" />
  </Folder>
  <Folder Name="/Task5/">
    <Project Path="Tyuiu.WarkentinMA.Sprint1.Task5.V4.Lib/Tyuiu.WarkentinMA.Sprint1.Task5.V4.Lib.csproj" Id="6a58d32a-293e-46c4-a2dc-fd4450cef13a" />
    <Project Path="Tyuiu.WarkentinMA.Sprint1.Task5.V4.Test/Tyuiu.WarkentinMA.Sprint1.Task5.V4.Test.csproj" Id="4ea93e32-fe02-4951-a24d-271bee486d0a" />
    <Project Path="Tyuiu.WarkentinMA.Sprint1.Task5.V4/Tyuiu.WarkentinMA.Sprint1.Task5.V4.csproj" Id="b1a551e7-c23a-4d38-942c-7795f11ae8dd" />
  </Folder>
  <Folder Name="/Task6/">
    <Project Path="Tyuiu.WarkentinMA.Sprint1.Task6.V3.Lib/Tyuiu.WarkentinMA.Sprint1.Task6.V3.Lib.csproj" Id="9c200da6-53f8-49b3-ae9d-b12b59ee3b19" />
    <Project Path="Tyuiu.WarkentinMA.Sprint1.Task6.V3.Test/Tyuiu.WarkentinMA.Sprint1.Task6.V3.Test.csproj" Id="0c3b85fb-4d8c-41b3-bf56-e07ff4fc3a1e" />
    <Project Path="Tyuiu.WarkentinMA.Sprint1.Task6.V3/Tyuiu.WarkentinMA.Sprint1.Task6.V3.csproj" Id="63f44632-8382-404e-98a7-01c66b2c7d02" />
  </Folder>
  <Folder Name="/Task7/">
    <Project Path="Tyuiu.WarkentinMA.Sprint1.Task7.V18.Lib/Tyuiu.WarkentinMA.Sprint1.Task7.V18.Lib.csproj" Id="513b84b2-3114-43a0-93e5-a02794b1ef46" />
    <Project Path="Tyuiu.WarkentinMA.Sprint1.Task7.V18.Test/Tyuiu.WarkentinMA.Sprint1.Task7.V18.Test.csproj" Id="cb3412cd-4f73-45a4-8b93-fab051513d68" />
    <Project Path="Tyuiu.WarkentinMA.Sprint1.Task7.V18/Tyuiu.WarkentinMA.Sprint1.Task7.V18.csproj" Id="2f7217db-0703-44be-8ba9-12bd06989052" />
  </Folder>
  <Project Path="Tyuiu.WarkentinMA.Sprint1.Task0.V26.Lib/Tyuiu.WarkentinMA.Sprint1.Task0.V26.Lib.csproj" />
  <Project Path="Tyuiu.WarkentinMA.Sprint1.Task0.V26.Test/Tyuiu.WarkentinMA.Sprint1.Task0.V26.Test.csproj" />
  <Project Path="Tyuiu.WarkentinMA.Sprint1.Task0.V26/Tyuiu.WarkentinMA.Sprint1.Task0.V26.csproj" />
</Solution>
