<Solution>
  <Project Path="Tyuiu.WarkentinMA.Sprint1.Task0.V26.Lib/Tyuiu.WarkentinMA.Sprint1.Task0.V26.Lib.csproj" />
  <Project Path="Tyuiu.WarkentinMA.Sprint1.Task0.V26.Test/Tyuiu.WarkentinMA.Sprint1.Task0.V26.Test.csproj" />
  <Project Path="Tyuiu.WarkentinMA.Sprint1.Task0.V26/Tyuiu.WarkentinMA.Sprint1.Task0.V26.csproj" />
</Solution>
